
Microsoft Visual Studio Solution File, Format Version 11.00
# Visual Studio 2010
Project("{FAE04EC0-301F-11D3-BF4B-00C04F79EFBC}") = "update.net", "update.net\update.net.csproj", "{AA1097A6-CCC0-4254-B80C-68E44B824AA7}"
EndProject
Global
	GlobalSection(SolutionConfigurationPlatforms) = preSolution
		Debug|Any CPU = Debug|Any CPU
		Release|Any CPU = Release|Any CPU
	EndGlobalSection
	GlobalSection(ProjectConfigurationPlatforms) = postSolution
		{AA1097A6-CCC0-4254-B80C-68E44B824AA7}.Debug|Any CPU.ActiveCfg = Debug|Any CPU
		{AA1097A6-CCC0-4254-B80C-68E44B824AA7}.Debug|Any CPU.Build.0 = Debug|Any CPU
		{AA1097A6-CCC0-4254-B80C-68E44B824AA7}.Release|Any CPU.ActiveCfg = Release|Any CPU
		{AA1097A6-CCC0-4254-B80C-68E44B824AA7}.Release|Any CPU.Build.0 = Release|Any CPU
	EndGlobalSection
	GlobalSection(MonoDevelopProperties) = preSolution
		StartupItem = update.net\update.net.csproj
	EndGlobalSection
EndGlobal
